// !$*UTF8*$!
{
	archiveVersion = 1;
	classes = {
	};
	objectVersion = 56;
	objects = {

/* Begin PBXBuildFile section */
		576AAC542A28CD9A0059A3D3 /* AppDelegate.swift in Sources */ = {isa = PBXBuildFile; fileRef = 576AAC532A28CD9A0059A3D3 /* AppDelegate.swift */; };
		576AAC562A28CD9A0059A3D3 /* SceneDelegate.swift in Sources */ = {isa = PBXBuildFile; fileRef = 576AAC552A28CD9A0059A3D3 /* SceneDelegate.swift */; };
		576AAC582A28CD9A0059A3D3 /* ViewController.swift in Sources */ = {isa = PBXBuildFile; fileRef = 576AAC572A28CD9A0059A3D3 /* ViewController.swift */; };
		576AAC5B2A28CD9A0059A3D3 /* Main.storyboard in Resources */ = {isa = PBXBuildFile; fileRef = 576AAC592A28CD9A0059A3D3 /* Main.storyboard */; };
		576AAC5D2A28CD9E0059A3D3 /* Assets.xcassets in Resources */ = {isa = PBXBuildFile; fileRef = 576AAC5C2A28CD9E0059A3D3 /* Assets.xcassets */; };
		576AAC602A28CD9E0059A3D3 /* LaunchScreen.storyboard in Resources */ = {isa = PBXBuildFile; fileRef = 576AAC5E2A28CD9E0059A3D3 /* LaunchScreen.storyboard */; };
		576AAC682A28CE350059A3D3 /* FlowerClassifier.mlmodel in Sources */ = {isa = PBXBuildFile; fileRef = 576AAC672A28CE350059A3D3 /* FlowerClassifier.mlmodel */; };
		7E68ECC1D113E7C6E61A8F89 /* Pods_FlowerSearch.framework in Frameworks */ = {isa = PBXBuildFile; fileRef = 526BEDC71278B84A0705827E /* Pods_FlowerSearch.framework */; };
/* End PBXBuildFile section */

/* Begin PBXFileReference section */
		1E0BBF20D6CD7585113CE722 /* Pods-FlowerSearch.release.xcconfig */ = {isa = PBXFileReference; includeInIndex = 1; lastKnownFileType = text.xcconfig; name = "Pods-FlowerSearch.release.xcconfig"; path = "Target Support Files/Pods-FlowerSearch/Pods-FlowerSearch.release.xcconfig"; sourceTree = "<group>"; };
		1EED969DD62653A2DB30F7C8 /* Pods-FlowerSearch.debug.xcconfig */ = {isa = PBXFileReference; includeInIndex = 1; lastKnownFileType = text.xcconfig; name = "Pods-FlowerSearch.debug.xcconfig"; path = "Target Support Files/Pods-FlowerSearch/Pods-FlowerSearch.debug.xcconfig"; sourceTree = "<group>"; };
		526BEDC71278B84A0705827E /* Pods_FlowerSearch.framework */ = {isa = PBXFileReference; explicitFileType = wrapper.framework; includeInIndex = 0; path = Pods_FlowerSearch.framework; sourceTree = BUILT_PRODUCTS_DIR; };
		576AAC502A28CD9A0059A3D3 /* FlowerSearch.app */ = {isa = PBXFileReference; explicitFileType = wrapper.application; includeInIndex = 0; path = FlowerSearch.app; sourceTree = BUILT_PRODUCTS_DIR; };
		576AAC532A28CD9A0059A3D3 /* AppDelegate.swift */ = {isa = PBXFileReference; lastKnownFileType = sourcecode.swift; path = AppDelegate.swift; sourceTree = "<group>"; };
		576AAC552A28CD9A0059A3D3 /* SceneDelegate.swift */ = {isa = PBXFileReference; lastKnownFileType = sourcecode.swift; path = SceneDelegate.swift; sourceTree = "<group>"; };
		576AAC572A28CD9A0059A3D3 /* ViewController.swift */ = {isa = PBXFileReference; lastKnownFileType = sourcecode.swift; path = ViewController.swift; sourceTree = "<group>"; };
		576AAC5A2A28CD9A0059A3D3 /* Base */ = {isa = PBXFileReference; lastKnownFileType = file.storyboard; name = Base; path = Base.lproj/Main.storyboard; sourceTree = "<group>"; };
		576AAC5C2A28CD9E0059A3D3 /* Assets.xcassets */ = {isa = PBXFileReference; lastKnownFileType = folder.assetcatalog; path = Assets.xcassets; sourceTree = "<group>"; };
		576AAC5F2A28CD9E0059A3D3 /* Base */ = {isa = PBXFileReference; lastKnownFileType = file.storyboard; name = Base; path = Base.lproj/LaunchScreen.storyboard; sourceTree = "<group>"; };
		576AAC612A28CD9E0059A3D3 /* Info.plist */ = {isa = PBXFileReference; lastKnownFileType = text.plist.xml; path = Info.plist; sourceTree = "<group>"; };
		576AAC672A28CE350059A3D3 /* FlowerClassifier.mlmodel */ = {isa = PBXFileReference; lastKnownFileType = file.mlmodel; path = FlowerClassifier.mlmodel; sourceTree = "<group>"; };
/* End PBXFileReference section */

/* Begin PBXFrameworksBuildPhase section */
		576AAC4D2A28CD9A0059A3D3 /* Frameworks */ = {
			isa = PBXFrameworksBuildPhase;
			buildActionMask = 2147483647;
			files = (
				7E68ECC1D113E7C6E61A8F89 /* Pods_FlowerSearch.framework in Frameworks */,
			);
			runOnlyForDeploymentPostprocessing = 0;
		};
/* End PBXFrameworksBuildPhase section */

/* Begin PBXGroup section */
		197E77E06F055F16607DE6DB /* Pods */ = {
			isa = PBXGroup;
			children = (
				1EED969DD62653A2DB30F7C8 /* Pods-FlowerSearch.debug.xcconfig */,
				1E0BBF20D6CD7585113CE722 /* Pods-FlowerSearch.release.xcconfig */,
			);
			name = Pods;
			path = Pods;
			sourceTree = "<group>";
		};
		576AAC472A28CD9A0059A3D3 = {
			isa = PBXGroup;
			children = (
				576AAC522A28CD9A0059A3D3 /* FlowerSearch */,
				576AAC512A28CD9A0059A3D3 /* Products */,
				197E77E06F055F16607DE6DB /* Pods */,
				C13C54A5AFE0E08D6980BA18 /* Frameworks */,
			);
			sourceTree = "<group>";
		};
		576AAC512A28CD9A0059A3D3 /* Products */ = {
			isa = PBXGroup;
			children = (
				576AAC502A28CD9A0059A3D3 /* FlowerSearch.app */,
			);
			name = Products;
			sourceTree = "<group>";
		};
		576AAC522A28CD9A0059A3D3 /* FlowerSearch */ = {
			isa = PBXGroup;
			children = (
				576AAC532A28CD9A0059A3D3 /* AppDelegate.swift */,
				576AAC552A28CD9A0059A3D3 /* SceneDelegate.swift */,
				576AAC572A28CD9A0059A3D3 /* ViewController.swift */,
				576AAC592A28CD9A0059A3D3 /* Main.storyboard */,
				576AAC5C2A28CD9E0059A3D3 /* Assets.xcassets */,
				576AAC5E2A28CD9E0059A3D3 /* LaunchScreen.storyboard */,
				576AAC612A28CD9E0059A3D3 /* Info.plist */,
				576AAC672A28CE350059A3D3 /* FlowerClassifier.mlmodel */,
			);
			path = FlowerSearch;
			sourceTree = "<group>";
		};
		C13C54A5AFE0E08D6980BA18 /* Frameworks */ = {
			isa = PBXGroup;
			children = (
				526BEDC71278B84A0705827E /* Pods_FlowerSearch.framework */,
			);
			name = Frameworks;
			sourceTree = "<group>";
		};
/* End PBXGroup section */

/* Begin PBXNativeTarget section */
		576AAC4F2A28CD9A0059A3D3 /* FlowerSearch */ = {
			isa = PBXNativeTarget;
			buildConfigurationList = 576AAC642A28CD9E0059A3D3 /* Build configuration list for PBXNativeTarget "FlowerSearch" */;
			buildPhases = (
				B7FE25E63A6FE3EF5D9EB04E /* [CP] Check Pods Manifest.lock */,
				576AAC4C2A28CD9A0059A3D3 /* Sources */,
				576AAC4D2A28CD9A0059A3D3 /* Frameworks */,
				576AAC4E2A28CD9A0059A3D3 /* Resources */,
				5761A353CFBEDB2D3A3E0929 /* [CP] Embed Pods Frameworks */,
			);
			buildRules = (
			);
			dependencies = (
			);
			name = FlowerSearch;
			productName = FlowerSearch;
			productReference = 576AAC502A28CD9A0059A3D3 /* FlowerSearch.app */;
			productType = "com.apple.product-type.application";
		};
/* End PBXNativeTarget section */

/* Begin PBXProject section */
		576AAC482A28CD9A0059A3D3 /* Project object */ = {
			isa = PBXProject;
			attributes = {
				BuildIndependentTargetsInParallel = 1;
				LastSwiftUpdateCheck = 1430;
				LastUpgradeCheck = 1430;
				TargetAttributes = {
					576AAC4F2A28CD9A0059A3D3 = {
						CreatedOnToolsVersion = 14.3;
					};
				};
			};
			buildConfigurationList = 576AAC4B2A28CD9A0059A3D3 /* Build configuration list for PBXProject "FlowerSearch" */;
			compatibilityVersion = "Xcode 14.0";
			developmentRegion = en;
			hasScannedForEncodings = 0;
			knownRegions = (
				en,
				Base,
			);
			mainGroup = 576AAC472A28CD9A0059A3D3;
			productRefGroup = 576AAC512A28CD9A0059A3D3 /* Products */;
			projectDirPath = "";
			projectRoot = "";
			targets = (
				576AAC4F2A28CD9A0059A3D3 /* FlowerSearch */,
			);
		};
/* End PBXProject section */

/* Begin PBXResourcesBuildPhase section */
		576AAC4E2A28CD9A0059A3D3 /* Resources */ = {
			isa = PBXResourcesBuildPhase;
			buildActionMask = 2147483647;
			files = (
				576AAC602A28CD9E0059A3D3 /* LaunchScreen.storyboard in Resources */,
				576AAC5D2A28CD9E0059A3D3 /* Assets.xcassets in Resources */,
				576AAC5B2A28CD9A0059A3D3 /* Main.storyboard in Resources */,
			);
			runOnlyForDeploymentPostprocessing = 0;
		};
/* End PBXResourcesBuildPhase section */

/* Begin PBXShellScriptBuildPhase section */
		5761A353CFBEDB2D3A3E0929 /* [CP] Embed Pods Frameworks */ = {
			isa = PBXShellScriptBuildPhase;
			buildActionMask = 2147483647;
			files = (
			);
			inputFileListPaths = (
				"${PODS_ROOT}/Target Support Files/Pods-FlowerSearch/Pods-FlowerSearch-frameworks-${CONFIGURATION}-input-files.xcfilelist",
			);
			name = "[CP] Embed Pods Frameworks";
			outputFileListPaths = (
				"${PODS_ROOT}/Target Support Files/Pods-FlowerSearch/Pods-FlowerSearch-frameworks-${CONFIGURATION}-output-files.xcfilelist",
			);
			runOnlyForDeploymentPostprocessing = 0;
			shellPath = /bin/sh;
			shellScript = "\"${PODS_ROOT}/Target Support Files/Pods-FlowerSearch/Pods-FlowerSearch-frameworks.sh\"\n";
			showEnvVarsInLog = 0;
		};
		B7FE25E63A6FE3EF5D9EB04E /* [CP] Check Pods Manifest.lock */ = {
			isa = PBXShellScriptBuildPhase;
			buildActionMask = 2147483647;
			files = (
			);
			inputFileListPaths = (
			);
			inputPaths = (
				"${PODS_PODFILE_DIR_PATH}/Podfile.lock",
				"${PODS_ROOT}/Manifest.lock",
			);
			name = "[CP] Check Pods Manifest.lock";
			outputFileListPaths = (
			);
			outputPaths = (
				"$(DERIVED_FILE_DIR)/Pods-FlowerSearch-checkManifestLockResult.txt",
			);
			runOnlyForDeploymentPostprocessing = 0;
			shellPath = /bin/sh;
			shellScript = "diff \"${PODS_PODFILE_DIR_PATH}/Podfile.lock\" \"${PODS_ROOT}/Manifest.lock\" > /dev/null\nif [ $? != 0 ] ; then\n    # print error to STDERR\n    echo \"error: The sandbox is not in sync with the Podfile.lock. Run 'pod install' or update your CocoaPods installation.\" >&2\n    exit 1\nfi\n# This output is used by Xcode 'outputs' to avoid re-running this script phase.\necho \"SUCCESS\" > \"${SCRIPT_OUTPUT_FILE_0}\"\n";
			showEnvVarsInLog = 0;
		};
/* End PBXShellScriptBuildPhase section */

/* Begin PBXSourcesBuildPhase section */
		576AAC4C2A28CD9A0059A3D3 /* Sources */ = {
			isa = PBXSourcesBuildPhase;
			buildActionMask = 2147483647;
			files = (
				576AAC682A28CE350059A3D3 /* FlowerClassifier.mlmodel in Sources */,
				576AAC582A28CD9A0059A3D3 /* ViewController.swift in Sources */,
				576AAC542A28CD9A0059A3D3 /* AppDelegate.swift in Sources */,
				576AAC562A28CD9A0059A3D3 /* SceneDelegate.swift in Sources */,
			);
			runOnlyForDeploymentPostprocessing = 0;
		};
/* End PBXSourcesBuildPhase section */

/* Begin PBXVariantGroup section */
		576AAC592A28CD9A0059A3D3 /* Main.storyboard */ = {
			isa = PBXVariantGroup;
			children = (
				576AAC5A2A28CD9A0059A3D3 /* Base */,
			);
			name = Main.storyboard;
			sourceTree = "<group>";
		};
		576AAC5E2A28CD9E0059A3D3 /* LaunchScreen.storyboard */ = {
			isa = PBXVariantGroup;
			children = (
				576AAC5F2A28CD9E0059A3D3 /* Base */,
			);
			name = LaunchScreen.storyboard;
			sourceTree = "<group>";
		};
/* End PBXVariantGroup section */

/* Begin XCBuildConfiguration section */
		576AAC622A28CD9E0059A3D3 /* Debug */ = {
			isa = XCBuildConfiguration;
			buildSettings = {
				ALWAYS_SEARCH_USER_PATHS = NO;
				CLANG_ANALYZER_NONNULL = YES;
				CLANG_ANALYZER_NUMBER_OBJECT_CONVERSION = YES_AGGRESSIVE;
				CLANG_CXX_LANGUAGE_STANDARD = "gnu++20";
				CLANG_ENABLE_MODULES = YES;
				CLANG_ENABLE_OBJC_ARC = YES;
				CLANG_ENABLE_OBJC_WEAK = YES;
				CLANG_WARN_BLOCK_CAPTURE_AUTORELEASING = YES;
				CLANG_WARN_BOOL_CONVERSION = YES;
				CLANG_WARN_COMMA = YES;
				CLANG_WARN_CONSTANT_CONVERSION = YES;
				CLANG_WARN_DEPRECATED_OBJC_IMPLEMENTATIONS = YES;
				CLANG_WARN_DIRECT_OBJC_ISA_USAGE = YES_ERROR;
				CLANG_WARN_DOCUMENTATION_COMMENTS = YES;
				CLANG_WARN_EMPTY_BODY = YES;
				CLANG_WARN_ENUM_CONVERSION = YES;
				CLANG_WARN_INFINITE_RECURSION = YES;
				CLANG_WARN_INT_CONVERSION = YES;
				CLANG_WARN_NON_LITERAL_NULL_CONVERSION = YES;
				CLANG_WARN_OBJC_IMPLICIT_RETAIN_SELF = YES;
				CLANG_WARN_OBJC_LITERAL_CONVERSION = YES;
				CLANG_WARN_OBJC_ROOT_CLASS = YES_ERROR;
				CLANG_WARN_QUOTED_INCLUDE_IN_FRAMEWORK_HEADER = YES;
				CLANG_WARN_RANGE_LOOP_ANALYSIS = YES;
				CLANG_WARN_STRICT_PROTOTYPES = YES;
				CLANG_WARN_SUSPICIOUS_MOVE = YES;
				CLANG_WARN_UNGUARDED_AVAILABILITY = YES_AGGRESSIVE;
				CLANG_WARN_UNREACHABLE_CODE = YES;
				CLANG_WARN__DUPLICATE_METHOD_MATCH = YES;
				COPY_PHASE_STRIP = NO;
				DEBUG_INFORMATION_FORMAT = dwarf;
				ENABLE_STRICT_OBJC_MSGSEND = YES;
				ENABLE_TESTABILITY = YES;
				GCC_C_LANGUAGE_STANDARD = gnu11;
				GCC_DYNAMIC_NO_PIC = NO;
				GCC_NO_COMMON_BLOCKS = YES;
				GCC_OPTIMIZATION_LEVEL = 0;
				GCC_PREPROCESSOR_DEFINITIONS = (
					"DEBUG=1",
					"$(inherited)",
				);
				GCC_WARN_64_TO_32_BIT_CONVERSION = YES;
				GCC_WARN_ABOUT_RETURN_TYPE = YES_ERROR;
				GCC_WARN_UNDECLARED_SELECTOR = YES;
				GCC_WARN_UNINITIALIZED_AUTOS = YES_AGGRESSIVE;
				GCC_WARN_UNUSED_FUNCTION = YES;
				GCC_WARN_UNUSED_VARIABLE = YES;
				IPHONEOS_DEPLOYMENT_TARGET = 16.4;
				MTL_ENABLE_DEBUG_INFO = INCLUDE_SOURCE;
				MTL_FAST_MATH = YES;
				ONLY_ACTIVE_ARCH = YES;
				SDKROOT = iphoneos;
				SWIFT_ACTIVE_COMPILATION_CONDITIONS = DEBUG;
				SWIFT_OPTIMIZATION_LEVEL = "-Onone";
			};
			name = Debug;
		};
		576AAC632A28CD9E0059A3D3 /* Release */ = {
			isa = XCBuildConfiguration;
			buildSettings = {
				ALWAYS_SEARCH_USER_PATHS = NO;
				CLANG_ANALYZER_NONNULL = YES;
				CLANG_ANALYZER_NUMBER_OBJECT_CONVERSION = YES_AGGRESSIVE;
				CLANG_CXX_LANGUAGE_STANDARD = "gnu++20";
				CLANG_ENABLE_MODULES = YES;
				CLANG_ENABLE_OBJC_ARC = YES;
				CLANG_ENABLE_OBJC_WEAK = YES;
				CLANG_WARN_BLOCK_CAPTURE_AUTORELEASING = YES;
				CLANG_WARN_BOOL_CONVERSION = YES;
				CLANG_WARN_COMMA = YES;
				CLANG_WARN_CONSTANT_CONVERSION = YES;
				CLANG_WARN_DEPRECATED_OBJC_IMPLEMENTATIONS = YES;
				CLANG_WARN_DIRECT_OBJC_ISA_USAGE = YES_ERROR;
				CLANG_WARN_DOCUMENTATION_COMMENTS = YES;
				CLANG_WARN_EMPTY_BODY = YES;
				CLANG_WARN_ENUM_CONVERSION = YES;
				CLANG_WARN_INFINITE_RECURSION = YES;
				CLANG_WARN_INT_CONVERSION = YES;
				CLANG_WARN_NON_LITERAL_NULL_CONVERSION = YES;
				CLANG_WARN_OBJC_IMPLICIT_RETAIN_SELF = YES;
				CLANG_WARN_OBJC_LITERAL_CONVERSION = YES;
				CLANG_WARN_OBJC_ROOT_CLASS = YES_ERROR;
				CLANG_WARN_QUOTED_INCLUDE_IN_FRAMEWORK_HEADER = YES;
				CLANG_WARN_RANGE_LOOP_ANALYSIS = YES;
				CLANG_WARN_STRICT_PROTOTYPES = YES;
				CLANG_WARN_SUSPICIOUS_MOVE = YES;
				CLANG_WARN_UNGUARDED_AVAILABILITY = YES_AGGRESSIVE;
				CLANG_WARN_UNREACHABLE_CODE = YES;
				CLANG_WARN__DUPLICATE_METHOD_MATCH = YES;
				COPY_PHASE_STRIP = NO;
				DEBUG_INFORMATION_FORMAT = "dwarf-with-dsym";
				ENABLE_NS_ASSERTIONS = NO;
				ENABLE_STRICT_OBJC_MSGSEND = YES;
				GCC_C_LANGUAGE_STANDARD = gnu11;
				GCC_NO_COMMON_BLOCKS = YES;
				GCC_WARN_64_TO_32_BIT_CONVERSION = YES;
				GCC_WARN_ABOUT_RETURN_TYPE = YES_ERROR;
				GCC_WARN_UNDECLARED_SELECTOR = YES;
				GCC_WARN_UNINITIALIZED_AUTOS = YES_AGGRESSIVE;
				GCC_WARN_UNUSED_FUNCTION = YES;
				GCC_WARN_UNUSED_VARIABLE = YES;
				IPHONEOS_DEPLOYMENT_TARGET = 16.4;
				MTL_ENABLE_DEBUG_INFO = NO;
				MTL_FAST_MATH = YES;
				SDKROOT = iphoneos;
				SWIFT_COMPILATION_MODE = wholemodule;
				SWIFT_OPTIMIZATION_LEVEL = "-O";
				VALIDATE_PRODUCT = YES;
			};
			name = Release;
		};
		576AAC652A28CD9E0059A3D3 /* Debug */ = {
			isa = XCBuildConfiguration;
			baseConfigurationReference = 1EED969DD62653A2DB30F7C8 /* Pods-FlowerSearch.debug.xcconfig */;
			buildSettings = {
				ASSETCATALOG_COMPILER_APPICON_NAME = AppIcon;
				ASSETCATALOG_COMPILER_GLOBAL_ACCENT_COLOR_NAME = AccentColor;
				CODE_SIGN_STYLE = Automatic;
				CURRENT_PROJECT_VERSION = 1;
				DEVELOPMENT_TEAM = 8RR26756PN;
				GENERATE_INFOPLIST_FILE = YES;
				INFOPLIST_FILE = FlowerSearch/Info.plist;
				INFOPLIST_KEY_UIApplicationSupportsIndirectInputEvents = YES;
				INFOPLIST_KEY_UILaunchStoryboardName = LaunchScreen;
				INFOPLIST_KEY_UIMainStoryboardFile = Main;
				INFOPLIST_KEY_UISupportedInterfaceOrientations_iPad = "UIInterfaceOrientationPortrait UIInterfaceOrientationPortraitUpsideDown UIInterfaceOrientationLandscapeLeft UIInterfaceOrientationLandscapeRight";
				INFOPLIST_KEY_UISupportedInterfaceOrientations_iPhone = "UIInterfaceOrientationPortrait UIInterfaceOrientationLandscapeLeft UIInterfaceOrientationLandscapeRight";
				LD_RUNPATH_SEARCH_PATHS = (
					"$(inherited)",
					"@executable_path/Frameworks",
				);
				MARKETING_VERSION = 1.0;
				PRODUCT_BUNDLE_IDENTIFIER = co.IvanBiriukov.FlowerSearch;
				PRODUCT_NAME = "$(TARGET_NAME)";
				SWIFT_EMIT_LOC_STRINGS = YES;
				SWIFT_VERSION = 5.0;
				TARGETED_DEVICE_FAMILY = "1,2";
			};
			name = Debug;
		};
		576AAC662A28CD9E0059A3D3 /* Release */ = {
			isa = XCBuildConfiguration;
			baseConfigurationReference = 1E0BBF20D6CD7585113CE722 /* Pods-FlowerSearch.release.xcconfig */;
			buildSettings = {
				ASSETCATALOG_COMPILER_APPICON_NAME = AppIcon;
				ASSETCATALOG_COMPILER_GLOBAL_ACCENT_COLOR_NAME = AccentColor;
				CODE_SIGN_STYLE = Automatic;
				CURRENT_PROJECT_VERSION = 1;
				DEVELOPMENT_TEAM = 8RR26756PN;
				GENERATE_INFOPLIST_FILE = YES;
				INFOPLIST_FILE = FlowerSearch/Info.plist;
				INFOPLIST_KEY_UIApplicationSupportsIndirectInputEvents = YES;
				INFOPLIST_KEY_UILaunchStoryboardName = LaunchScreen;
				INFOPLIST_KEY_UIMainStoryboardFile = Main;
				INFOPLIST_KEY_UISupportedInterfaceOrientations_iPad = "UIInterfaceOrientationPortrait UIInterfaceOrientationPortraitUpsideDown UIInterfaceOrientationLandscapeLeft UIInterfaceOrientationLandscapeRight";
				INFOPLIST_KEY_UISupportedInterfaceOrientations_iPhone = "UIInterfaceOrientationPortrait UIInterfaceOrientationLandscapeLeft UIInterfaceOrientationLandscapeRight";
				LD_RUNPATH_SEARCH_PATHS = (
					"$(inherited)",
					"@executable_path/Frameworks",
				);
				MARKETING_VERSION = 1.0;
				PRODUCT_BUNDLE_IDENTIFIER = co.IvanBiriukov.FlowerSearch;
				PRODUCT_NAME = "$(TARGET_NAME)";
				SWIFT_EMIT_LOC_STRINGS = YES;
				SWIFT_VERSION = 5.0;
				TARGETED_DEVICE_FAMILY = "1,2";
			};
			name = Release;
		};
/* End XCBuildConfiguration section */

/* Begin XCConfigurationList section */
		576AAC4B2A28CD9A0059A3D3 /* Build configuration list for PBXProject "FlowerSearch" */ = {
			isa = XCConfigurationList;
			buildConfigurations = (
				576AAC622A28CD9E0059A3D3 /* Debug */,
				576AAC632A28CD9E0059A3D3 /* Release */,
			);
			defaultConfigurationIsVisible = 0;
			defaultConfigurationName = Release;
		};
		576AAC642A28CD9E0059A3D3 /* Build configuration list for PBXNativeTarget "FlowerSearch" */ = {
			isa = XCConfigurationList;
			buildConfigurations = (
				576AAC652A28CD9E0059A3D3 /* Debug */,
				576AAC662A28CD9E0059A3D3 /* Release */,
			);
			defaultConfigurationIsVisible = 0;
			defaultConfigurationName = Release;
		};
/* End XCConfigurationList section */
	};
	rootObject = 576AAC482A28CD9A0059A3D3 /* Project object */;
}
